
Microsoft Visual Studio Solution File, Format Version 12.00
# Visual Studio Version 17
VisualStudioVersion = 17.5.002.0
MinimumVisualStudioVersion = 10.0.40219.1
Project("{9A19103F-16F7-4668-BE54-9A1E7A4F7556}") = "pratica", "pratica.csproj", "{79E89FBE-345D-4C5B-B323-3B1974AC21C5}"
EndProject
Global
	GlobalSection(SolutionConfigurationPlatforms) = preSolution
		Debug|Any CPU = Debug|Any CPU
		Release|Any CPU = Release|Any CPU
	EndGlobalSection
	GlobalSection(ProjectConfigurationPlatforms) = postSolution
		{79E89FBE-345D-4C5B-B323-3B1974AC21C5}.Debug|Any CPU.ActiveCfg = Debug|Any CPU
		{79E89FBE-345D-4C5B-B323-3B1974AC21C5}.Debug|Any CPU.Build.0 = Debug|Any CPU
		{79E89FBE-345D-4C5B-B323-3B1974AC21C5}.Release|Any CPU.ActiveCfg = Release|Any CPU
		{79E89FBE-345D-4C5B-B323-3B1974AC21C5}.Release|Any CPU.Build.0 = Release|Any CPU
	EndGlobalSection
	GlobalSection(SolutionProperties) = preSolution
		HideSolutionNode = FALSE
	EndGlobalSection
	GlobalSection(ExtensibilityGlobals) = postSolution
		SolutionGuid = {C580DC29-4702-40BD-9014-25C16DD675EB}
	EndGlobalSection
EndGlobal
